// !$*UTF8*$!
{
	archiveVersion = 1;
	classes = {
	};
	objectVersion = 56;
	objects = {

/* Begin PBXBuildFile section */
		C32F69A2290AC0EF000CA06A /* ContactListRow.swift in Sources */ = {isa = PBXBuildFile; fileRef = C32F69A1290AC0EF000CA06A /* ContactListRow.swift */; };
		C32F69A8290AC2CB000CA06A /* ContactModelExample.swift in Sources */ = {isa = PBXBuildFile; fileRef = C32F69A7290AC2CB000CA06A /* ContactModelExample.swift */; };
		C32F69AA290AC876000CA06A /* ContactDetailView.swift in Sources */ = {isa = PBXBuildFile; fileRef = C32F69A9290AC876000CA06A /* ContactDetailView.swift */; };
		C3531EDA2912CEE600307CA9 /* ContactsListView.swift in Sources */ = {isa = PBXBuildFile; fileRef = C3531ED92912CEE600307CA9 /* ContactsListView.swift */; };
		C3531EDC2912CF3900307CA9 /* ContactsMapView.swift in Sources */ = {isa = PBXBuildFile; fileRef = C3531EDB2912CF3900307CA9 /* ContactsMapView.swift */; };
		C3531EDE2912DCB900307CA9 /* MapSnapshotView.swift in Sources */ = {isa = PBXBuildFile; fileRef = C3531EDD2912DCB900307CA9 /* MapSnapshotView.swift */; };
		C3DEA96928E8488800D1D739 /* Smart_MigrationApp.swift in Sources */ = {isa = PBXBuildFile; fileRef = C3DEA96828E8488800D1D739 /* Smart_MigrationApp.swift */; };
		C3DEA96B28E8488800D1D739 /* ContentView.swift in Sources */ = {isa = PBXBuildFile; fileRef = C3DEA96A28E8488800D1D739 /* ContentView.swift */; };
		C3DEA96D28E8488900D1D739 /* Assets.xcassets in Resources */ = {isa = PBXBuildFile; fileRef = C3DEA96C28E8488900D1D739 /* Assets.xcassets */; };
		C3DEA97028E8488900D1D739 /* Preview Assets.xcassets in Resources */ = {isa = PBXBuildFile; fileRef = C3DEA96F28E8488900D1D739 /* Preview Assets.xcassets */; };
		C3DEA97728E8497100D1D739 /* IssuesView.swift in Sources */ = {isa = PBXBuildFile; fileRef = C3DEA97628E8497100D1D739 /* IssuesView.swift */; };
		C3DEA97928E8497D00D1D739 /* ContactsView.swift in Sources */ = {isa = PBXBuildFile; fileRef = C3DEA97828E8497D00D1D739 /* ContactsView.swift */; };
		C3DEA97B28E8498800D1D739 /* ToDoListView.swift in Sources */ = {isa = PBXBuildFile; fileRef = C3DEA97A28E8498800D1D739 /* ToDoListView.swift */; };
		C3DEA97D28E8499000D1D739 /* ChatView.swift in Sources */ = {isa = PBXBuildFile; fileRef = C3DEA97C28E8499000D1D739 /* ChatView.swift */; };
		C3DEA97F28E8499D00D1D739 /* InfoView.swift in Sources */ = {isa = PBXBuildFile; fileRef = C3DEA97E28E8499D00D1D739 /* InfoView.swift */; };
		C3DEA98128E8541000D1D739 /* AboutView.swift in Sources */ = {isa = PBXBuildFile; fileRef = C3DEA98028E8541000D1D739 /* AboutView.swift */; };
		C3DEA98328E8542C00D1D739 /* LanguageView.swift in Sources */ = {isa = PBXBuildFile; fileRef = C3DEA98228E8542C00D1D739 /* LanguageView.swift */; };
/* End PBXBuildFile section */

/* Begin PBXFileReference section */
		C32F69A1290AC0EF000CA06A /* ContactListRow.swift */ = {isa = PBXFileReference; lastKnownFileType = sourcecode.swift; path = ContactListRow.swift; sourceTree = "<group>"; };
		C32F69A7290AC2CB000CA06A /* ContactModelExample.swift */ = {isa = PBXFileReference; lastKnownFileType = sourcecode.swift; path = ContactModelExample.swift; sourceTree = "<group>"; };
		C32F69A9290AC876000CA06A /* ContactDetailView.swift */ = {isa = PBXFileReference; lastKnownFileType = sourcecode.swift; path = ContactDetailView.swift; sourceTree = "<group>"; };
		C3531ED92912CEE600307CA9 /* ContactsListView.swift */ = {isa = PBXFileReference; lastKnownFileType = sourcecode.swift; path = ContactsListView.swift; sourceTree = "<group>"; };
		C3531EDB2912CF3900307CA9 /* ContactsMapView.swift */ = {isa = PBXFileReference; lastKnownFileType = sourcecode.swift; path = ContactsMapView.swift; sourceTree = "<group>"; };
		C3531EDD2912DCB900307CA9 /* MapSnapshotView.swift */ = {isa = PBXFileReference; lastKnownFileType = sourcecode.swift; path = MapSnapshotView.swift; sourceTree = "<group>"; };
		C3531EDF2912E15500307CA9 /* Smart-Migration-Info.plist */ = {isa = PBXFileReference; lastKnownFileType = text.plist; path = "Smart-Migration-Info.plist"; sourceTree = SOURCE_ROOT; };
		C3DEA96528E8488800D1D739 /* Smart Migration.app */ = {isa = PBXFileReference; explicitFileType = wrapper.application; includeInIndex = 0; path = "Smart Migration.app"; sourceTree = BUILT_PRODUCTS_DIR; };
		C3DEA96828E8488800D1D739 /* Smart_MigrationApp.swift */ = {isa = PBXFileReference; lastKnownFileType = sourcecode.swift; path = Smart_MigrationApp.swift; sourceTree = "<group>"; };
		C3DEA96A28E8488800D1D739 /* ContentView.swift */ = {isa = PBXFileReference; lastKnownFileType = sourcecode.swift; path = ContentView.swift; sourceTree = "<group>"; };
		C3DEA96C28E8488900D1D739 /* Assets.xcassets */ = {isa = PBXFileReference; lastKnownFileType = folder.assetcatalog; path = Assets.xcassets; sourceTree = "<group>"; };
		C3DEA96F28E8488900D1D739 /* Preview Assets.xcassets */ = {isa = PBXFileReference; lastKnownFileType = folder.assetcatalog; path = "Preview Assets.xcassets"; sourceTree = "<group>"; };
		C3DEA97628E8497100D1D739 /* IssuesView.swift */ = {isa = PBXFileReference; lastKnownFileType = sourcecode.swift; path = IssuesView.swift; sourceTree = "<group>"; };
		C3DEA97828E8497D00D1D739 /* ContactsView.swift */ = {isa = PBXFileReference; lastKnownFileType = sourcecode.swift; path = ContactsView.swift; sourceTree = "<group>"; };
		C3DEA97A28E8498800D1D739 /* ToDoListView.swift */ = {isa = PBXFileReference; lastKnownFileType = sourcecode.swift; path = ToDoListView.swift; sourceTree = "<group>"; };
		C3DEA97C28E8499000D1D739 /* ChatView.swift */ = {isa = PBXFileReference; lastKnownFileType = sourcecode.swift; path = ChatView.swift; sourceTree = "<group>"; };
		C3DEA97E28E8499D00D1D739 /* InfoView.swift */ = {isa = PBXFileReference; lastKnownFileType = sourcecode.swift; path = InfoView.swift; sourceTree = "<group>"; };
		C3DEA98028E8541000D1D739 /* AboutView.swift */ = {isa = PBXFileReference; lastKnownFileType = sourcecode.swift; path = AboutView.swift; sourceTree = "<group>"; };
		C3DEA98228E8542C00D1D739 /* LanguageView.swift */ = {isa = PBXFileReference; lastKnownFileType = sourcecode.swift; path = LanguageView.swift; sourceTree = "<group>"; };
/* End PBXFileReference section */

/* Begin PBXFrameworksBuildPhase section */
		C3DEA96228E8488800D1D739 /* Frameworks */ = {
			isa = PBXFrameworksBuildPhase;
			buildActionMask = 2147483647;
			files = (
			);
			runOnlyForDeploymentPostprocessing = 0;
		};
/* End PBXFrameworksBuildPhase section */

/* Begin PBXGroup section */
		C32F69A0290AC0D9000CA06A /* Components */ = {
			isa = PBXGroup;
			children = (
				C32F69A1290AC0EF000CA06A /* ContactListRow.swift */,
			);
			path = Components;
			sourceTree = "<group>";
		};
		C32F69A5290AC2A3000CA06A /* Model */ = {
			isa = PBXGroup;
			children = (
				C32F69A7290AC2CB000CA06A /* ContactModelExample.swift */,
			);
			path = Model;
			sourceTree = "<group>";
		};
		C3DEA95C28E8488800D1D739 = {
			isa = PBXGroup;
			children = (
				C3DEA96728E8488800D1D739 /* Smart Migration */,
				C3DEA96628E8488800D1D739 /* Products */,
			);
			sourceTree = "<group>";
		};
		C3DEA96628E8488800D1D739 /* Products */ = {
			isa = PBXGroup;
			children = (
				C3DEA96528E8488800D1D739 /* Smart Migration.app */,
			);
			name = Products;
			sourceTree = "<group>";
		};
		C3DEA96728E8488800D1D739 /* Smart Migration */ = {
			isa = PBXGroup;
			children = (
				C3531EDF2912E15500307CA9 /* Smart-Migration-Info.plist */,
				C32F69A5290AC2A3000CA06A /* Model */,
				C32F69A0290AC0D9000CA06A /* Components */,
				C3DEA96828E8488800D1D739 /* Smart_MigrationApp.swift */,
				C3DEA96A28E8488800D1D739 /* ContentView.swift */,
				C3DEA96C28E8488900D1D739 /* Assets.xcassets */,
				C3DEA96E28E8488900D1D739 /* Preview Content */,
				C3DEA97628E8497100D1D739 /* IssuesView.swift */,
				C3DEA97828E8497D00D1D739 /* ContactsView.swift */,
				C3DEA97A28E8498800D1D739 /* ToDoListView.swift */,
				C3DEA97C28E8499000D1D739 /* ChatView.swift */,
				C3DEA97E28E8499D00D1D739 /* InfoView.swift */,
				C3DEA98228E8542C00D1D739 /* LanguageView.swift */,
				C3DEA98028E8541000D1D739 /* AboutView.swift */,
				C32F69A9290AC876000CA06A /* ContactDetailView.swift */,
				C3531ED92912CEE600307CA9 /* ContactsListView.swift */,
				C3531EDB2912CF3900307CA9 /* ContactsMapView.swift */,
				C3531EDD2912DCB900307CA9 /* MapSnapshotView.swift */,
			);
			path = "Smart Migration";
			sourceTree = "<group>";
		};
		C3DEA96E28E8488900D1D739 /* Preview Content */ = {
			isa = PBXGroup;
			children = (
				C3DEA96F28E8488900D1D739 /* Preview Assets.xcassets */,
			);
			path = "Preview Content";
			sourceTree = "<group>";
		};
/* End PBXGroup section */

/* Begin PBXNativeTarget section */
		C3DEA96428E8488800D1D739 /* Smart Migration */ = {
			isa = PBXNativeTarget;
			buildConfigurationList = C3DEA97328E8488900D1D739 /* Build configuration list for PBXNativeTarget "Smart Migration" */;
			buildPhases = (
				C3DEA96128E8488800D1D739 /* Sources */,
				C3DEA96228E8488800D1D739 /* Frameworks */,
				C3DEA96328E8488800D1D739 /* Resources */,
			);
			buildRules = (
			);
			dependencies = (
			);
			name = "Smart Migration";
			productName = "Smart Migration";
			productReference = C3DEA96528E8488800D1D739 /* Smart Migration.app */;
			productType = "com.apple.product-type.application";
		};
/* End PBXNativeTarget section */

/* Begin PBXProject section */
		C3DEA95D28E8488800D1D739 /* Project object */ = {
			isa = PBXProject;
			attributes = {
				BuildIndependentTargetsInParallel = 1;
				LastSwiftUpdateCheck = 1400;
				LastUpgradeCheck = 1400;
				TargetAttributes = {
					C3DEA96428E8488800D1D739 = {
						CreatedOnToolsVersion = 14.0.1;
					};
				};
			};
			buildConfigurationList = C3DEA96028E8488800D1D739 /* Build configuration list for PBXProject "Smart Migration" */;
			compatibilityVersion = "Xcode 14.0";
			developmentRegion = en;
			hasScannedForEncodings = 0;
			knownRegions = (
				en,
				Base,
			);
			mainGroup = C3DEA95C28E8488800D1D739;
			productRefGroup = C3DEA96628E8488800D1D739 /* Products */;
			projectDirPath = "";
			projectRoot = "";
			targets = (
				C3DEA96428E8488800D1D739 /* Smart Migration */,
			);
		};
/* End PBXProject section */

/* Begin PBXResourcesBuildPhase section */
		C3DEA96328E8488800D1D739 /* Resources */ = {
			isa = PBXResourcesBuildPhase;
			buildActionMask = 2147483647;
			files = (
				C3DEA97028E8488900D1D739 /* Preview Assets.xcassets in Resources */,
				C3DEA96D28E8488900D1D739 /* Assets.xcassets in Resources */,
			);
			runOnlyForDeploymentPostprocessing = 0;
		};
/* End PBXResourcesBuildPhase section */

/* Begin PBXSourcesBuildPhase section */
		C3DEA96128E8488800D1D739 /* Sources */ = {
			isa = PBXSourcesBuildPhase;
			buildActionMask = 2147483647;
			files = (
				C32F69AA290AC876000CA06A /* ContactDetailView.swift in Sources */,
				C3DEA98128E8541000D1D739 /* AboutView.swift in Sources */,
				C32F69A8290AC2CB000CA06A /* ContactModelExample.swift in Sources */,
				C3531EDA2912CEE600307CA9 /* ContactsListView.swift in Sources */,
				C3531EDC2912CF3900307CA9 /* ContactsMapView.swift in Sources */,
				C3DEA98328E8542C00D1D739 /* LanguageView.swift in Sources */,
				C3DEA96B28E8488800D1D739 /* ContentView.swift in Sources */,
				C3DEA97728E8497100D1D739 /* IssuesView.swift in Sources */,
				C3DEA96928E8488800D1D739 /* Smart_MigrationApp.swift in Sources */,
				C3DEA97928E8497D00D1D739 /* ContactsView.swift in Sources */,
				C3DEA97D28E8499000D1D739 /* ChatView.swift in Sources */,
				C3DEA97B28E8498800D1D739 /* ToDoListView.swift in Sources */,
				C3DEA97F28E8499D00D1D739 /* InfoView.swift in Sources */,
				C3531EDE2912DCB900307CA9 /* MapSnapshotView.swift in Sources */,
				C32F69A2290AC0EF000CA06A /* ContactListRow.swift in Sources */,
			);
			runOnlyForDeploymentPostprocessing = 0;
		};
/* End PBXSourcesBuildPhase section */

/* Begin XCBuildConfiguration section */
		C3DEA97128E8488900D1D739 /* Debug */ = {
			isa = XCBuildConfiguration;
			buildSettings = {
				ALWAYS_SEARCH_USER_PATHS = NO;
				CLANG_ANALYZER_NONNULL = YES;
				CLANG_ANALYZER_NUMBER_OBJECT_CONVERSION = YES_AGGRESSIVE;
				CLANG_CXX_LANGUAGE_STANDARD = "gnu++20";
				CLANG_ENABLE_MODULES = YES;
				CLANG_ENABLE_OBJC_ARC = YES;
				CLANG_ENABLE_OBJC_WEAK = YES;
				CLANG_WARN_BLOCK_CAPTURE_AUTORELEASING = YES;
				CLANG_WARN_BOOL_CONVERSION = YES;
				CLANG_WARN_COMMA = YES;
				CLANG_WARN_CONSTANT_CONVERSION = YES;
				CLANG_WARN_DEPRECATED_OBJC_IMPLEMENTATIONS = YES;
				CLANG_WARN_DIRECT_OBJC_ISA_USAGE = YES_ERROR;
				CLANG_WARN_DOCUMENTATION_COMMENTS = YES;
				CLANG_WARN_EMPTY_BODY = YES;
				CLANG_WARN_ENUM_CONVERSION = YES;
				CLANG_WARN_INFINITE_RECURSION = YES;
				CLANG_WARN_INT_CONVERSION = YES;
				CLANG_WARN_NON_LITERAL_NULL_CONVERSION = YES;
				CLANG_WARN_OBJC_IMPLICIT_RETAIN_SELF = YES;
				CLANG_WARN_OBJC_LITERAL_CONVERSION = YES;
				CLANG_WARN_OBJC_ROOT_CLASS = YES_ERROR;
				CLANG_WARN_QUOTED_INCLUDE_IN_FRAMEWORK_HEADER = YES;
				CLANG_WARN_RANGE_LOOP_ANALYSIS = YES;
				CLANG_WARN_STRICT_PROTOTYPES = YES;
				CLANG_WARN_SUSPICIOUS_MOVE = YES;
				CLANG_WARN_UNGUARDED_AVAILABILITY = YES_AGGRESSIVE;
				CLANG_WARN_UNREACHABLE_CODE = YES;
				CLANG_WARN__DUPLICATE_METHOD_MATCH = YES;
				COPY_PHASE_STRIP = NO;
				DEBUG_INFORMATION_FORMAT = dwarf;
				ENABLE_STRICT_OBJC_MSGSEND = YES;
				ENABLE_TESTABILITY = YES;
				GCC_C_LANGUAGE_STANDARD = gnu11;
				GCC_DYNAMIC_NO_PIC = NO;
				GCC_NO_COMMON_BLOCKS = YES;
				GCC_OPTIMIZATION_LEVEL = 0;
				GCC_PREPROCESSOR_DEFINITIONS = (
					"DEBUG=1",
					"$(inherited)",
				);
				GCC_WARN_64_TO_32_BIT_CONVERSION = YES;
				GCC_WARN_ABOUT_RETURN_TYPE = YES_ERROR;
				GCC_WARN_UNDECLARED_SELECTOR = YES;
				GCC_WARN_UNINITIALIZED_AUTOS = YES_AGGRESSIVE;
				GCC_WARN_UNUSED_FUNCTION = YES;
				GCC_WARN_UNUSED_VARIABLE = YES;
				IPHONEOS_DEPLOYMENT_TARGET = 16.0;
				MTL_ENABLE_DEBUG_INFO = INCLUDE_SOURCE;
				MTL_FAST_MATH = YES;
				ONLY_ACTIVE_ARCH = YES;
				SDKROOT = iphoneos;
				SWIFT_ACTIVE_COMPILATION_CONDITIONS = DEBUG;
				SWIFT_OPTIMIZATION_LEVEL = "-Onone";
			};
			name = Debug;
		};
		C3DEA97228E8488900D1D739 /* Release */ = {
			isa = XCBuildConfiguration;
			buildSettings = {
				ALWAYS_SEARCH_USER_PATHS = NO;
				CLANG_ANALYZER_NONNULL = YES;
				CLANG_ANALYZER_NUMBER_OBJECT_CONVERSION = YES_AGGRESSIVE;
				CLANG_CXX_LANGUAGE_STANDARD = "gnu++20";
				CLANG_ENABLE_MODULES = YES;
				CLANG_ENABLE_OBJC_ARC = YES;
				CLANG_ENABLE_OBJC_WEAK = YES;
				CLANG_WARN_BLOCK_CAPTURE_AUTORELEASING = YES;
				CLANG_WARN_BOOL_CONVERSION = YES;
				CLANG_WARN_COMMA = YES;
				CLANG_WARN_CONSTANT_CONVERSION = YES;
				CLANG_WARN_DEPRECATED_OBJC_IMPLEMENTATIONS = YES;
				CLANG_WARN_DIRECT_OBJC_ISA_USAGE = YES_ERROR;
				CLANG_WARN_DOCUMENTATION_COMMENTS = YES;
				CLANG_WARN_EMPTY_BODY = YES;
				CLANG_WARN_ENUM_CONVERSION = YES;
				CLANG_WARN_INFINITE_RECURSION = YES;
				CLANG_WARN_INT_CONVERSION = YES;
				CLANG_WARN_NON_LITERAL_NULL_CONVERSION = YES;
				CLANG_WARN_OBJC_IMPLICIT_RETAIN_SELF = YES;
				CLANG_WARN_OBJC_LITERAL_CONVERSION = YES;
				CLANG_WARN_OBJC_ROOT_CLASS = YES_ERROR;
				CLANG_WARN_QUOTED_INCLUDE_IN_FRAMEWORK_HEADER = YES;
				CLANG_WARN_RANGE_LOOP_ANALYSIS = YES;
				CLANG_WARN_STRICT_PROTOTYPES = YES;
				CLANG_WARN_SUSPICIOUS_MOVE = YES;
				CLANG_WARN_UNGUARDED_AVAILABILITY = YES_AGGRESSIVE;
				CLANG_WARN_UNREACHABLE_CODE = YES;
				CLANG_WARN__DUPLICATE_METHOD_MATCH = YES;
				COPY_PHASE_STRIP = NO;
				DEBUG_INFORMATION_FORMAT = "dwarf-with-dsym";
				ENABLE_NS_ASSERTIONS = NO;
				ENABLE_STRICT_OBJC_MSGSEND = YES;
				GCC_C_LANGUAGE_STANDARD = gnu11;
				GCC_NO_COMMON_BLOCKS = YES;
				GCC_WARN_64_TO_32_BIT_CONVERSION = YES;
				GCC_WARN_ABOUT_RETURN_TYPE = YES_ERROR;
				GCC_WARN_UNDECLARED_SELECTOR = YES;
				GCC_WARN_UNINITIALIZED_AUTOS = YES_AGGRESSIVE;
				GCC_WARN_UNUSED_FUNCTION = YES;
				GCC_WARN_UNUSED_VARIABLE = YES;
				IPHONEOS_DEPLOYMENT_TARGET = 16.0;
				MTL_ENABLE_DEBUG_INFO = NO;
				MTL_FAST_MATH = YES;
				SDKROOT = iphoneos;
				SWIFT_COMPILATION_MODE = wholemodule;
				SWIFT_OPTIMIZATION_LEVEL = "-O";
				VALIDATE_PRODUCT = YES;
			};
			name = Release;
		};
		C3DEA97428E8488900D1D739 /* Debug */ = {
			isa = XCBuildConfiguration;
			buildSettings = {
				ASSETCATALOG_COMPILER_APPICON_NAME = AppIcon;
				ASSETCATALOG_COMPILER_GLOBAL_ACCENT_COLOR_NAME = AccentColor;
				CODE_SIGN_STYLE = Automatic;
				CURRENT_PROJECT_VERSION = 1;
				DEVELOPMENT_ASSET_PATHS = "\"Smart Migration/Preview Content\"";
				DEVELOPMENT_TEAM = F7XRTMXQP3;
				ENABLE_PREVIEWS = YES;
				GENERATE_INFOPLIST_FILE = YES;
				INFOPLIST_FILE = "Smart-Migration-Info.plist";
				INFOPLIST_KEY_UIApplicationSceneManifest_Generation = YES;
				INFOPLIST_KEY_UIApplicationSupportsIndirectInputEvents = YES;
				INFOPLIST_KEY_UILaunchScreen_Generation = YES;
				INFOPLIST_KEY_UISupportedInterfaceOrientations_iPad = "UIInterfaceOrientationPortrait UIInterfaceOrientationPortraitUpsideDown UIInterfaceOrientationLandscapeLeft UIInterfaceOrientationLandscapeRight";
				INFOPLIST_KEY_UISupportedInterfaceOrientations_iPhone = "UIInterfaceOrientationPortrait UIInterfaceOrientationLandscapeLeft UIInterfaceOrientationLandscapeRight";
				LD_RUNPATH_SEARCH_PATHS = (
					"$(inherited)",
					"@executable_path/Frameworks",
				);
				MARKETING_VERSION = 1.0;
				PRODUCT_BUNDLE_IDENTIFIER = "cz.mendelu.Smart-Migration";
				PRODUCT_NAME = "$(TARGET_NAME)";
				SWIFT_EMIT_LOC_STRINGS = YES;
				SWIFT_VERSION = 5.0;
				TARGETED_DEVICE_FAMILY = "1,2";
			};
			name = Debug;
		};
		C3DEA97528E8488900D1D739 /* Release */ = {
			isa = XCBuildConfiguration;
			buildSettings = {
				ASSETCATALOG_COMPILER_APPICON_NAME = AppIcon;
				ASSETCATALOG_COMPILER_GLOBAL_ACCENT_COLOR_NAME = AccentColor;
				CODE_SIGN_STYLE = Automatic;
				CURRENT_PROJECT_VERSION = 1;
				DEVELOPMENT_ASSET_PATHS = "\"Smart Migration/Preview Content\"";
				DEVELOPMENT_TEAM = F7XRTMXQP3;
				ENABLE_PREVIEWS = YES;
				GENERATE_INFOPLIST_FILE = YES;
				INFOPLIST_FILE = "Smart-Migration-Info.plist";
				INFOPLIST_KEY_UIApplicationSceneManifest_Generation = YES;
				INFOPLIST_KEY_UIApplicationSupportsIndirectInputEvents = YES;
				INFOPLIST_KEY_UILaunchScreen_Generation = YES;
				INFOPLIST_KEY_UISupportedInterfaceOrientations_iPad = "UIInterfaceOrientationPortrait UIInterfaceOrientationPortraitUpsideDown UIInterfaceOrientationLandscapeLeft UIInterfaceOrientationLandscapeRight";
				INFOPLIST_KEY_UISupportedInterfaceOrientations_iPhone = "UIInterfaceOrientationPortrait UIInterfaceOrientationLandscapeLeft UIInterfaceOrientationLandscapeRight";
				LD_RUNPATH_SEARCH_PATHS = (
					"$(inherited)",
					"@executable_path/Frameworks",
				);
				MARKETING_VERSION = 1.0;
				PRODUCT_BUNDLE_IDENTIFIER = "cz.mendelu.Smart-Migration";
				PRODUCT_NAME = "$(TARGET_NAME)";
				SWIFT_EMIT_LOC_STRINGS = YES;
				SWIFT_VERSION = 5.0;
				TARGETED_DEVICE_FAMILY = "1,2";
			};
			name = Release;
		};
/* End XCBuildConfiguration section */

/* Begin XCConfigurationList section */
		C3DEA96028E8488800D1D739 /* Build configuration list for PBXProject "Smart Migration" */ = {
			isa = XCConfigurationList;
			buildConfigurations = (
				C3DEA97128E8488900D1D739 /* Debug */,
				C3DEA97228E8488900D1D739 /* Release */,
			);
			defaultConfigurationIsVisible = 0;
			defaultConfigurationName = Release;
		};
		C3DEA97328E8488900D1D739 /* Build configuration list for PBXNativeTarget "Smart Migration" */ = {
			isa = XCConfigurationList;
			buildConfigurations = (
				C3DEA97428E8488900D1D739 /* Debug */,
				C3DEA97528E8488900D1D739 /* Release */,
			);
			defaultConfigurationIsVisible = 0;
			defaultConfigurationName = Release;
		};
/* End XCConfigurationList section */
	};
	rootObject = C3DEA95D28E8488800D1D739 /* Project object */;
}
